// !$*UTF8*$!
{
	archiveVersion = 1;
	classes = {
	};
	objectVersion = 56;
	objects = {

/* Begin PBXBuildFile section */
		447577AB2B0A76D8001C9A1D /* AppDelegate.swift in Sources */ = {isa = PBXBuildFile; fileRef = 447577AA2B0A76D8001C9A1D /* AppDelegate.swift */; };
		447577AD2B0A76D8001C9A1D /* SceneDelegate.swift in Sources */ = {isa = PBXBuildFile; fileRef = 447577AC2B0A76D8001C9A1D /* SceneDelegate.swift */; };
		447577AF2B0A76D8001C9A1D /* EventListingViewController.swift in Sources */ = {isa = PBXBuildFile; fileRef = 447577AE2B0A76D8001C9A1D /* EventListingViewController.swift */; };
		447577B22B0A76D8001C9A1D /* Main.storyboard in Resources */ = {isa = PBXBuildFile; fileRef = 447577B02B0A76D8001C9A1D /* Main.storyboard */; };
		447577B42B0A76DA001C9A1D /* Assets.xcassets in Resources */ = {isa = PBXBuildFile; fileRef = 447577B32B0A76DA001C9A1D /* Assets.xcassets */; };
		447577B72B0A76DA001C9A1D /* LaunchScreen.storyboard in Resources */ = {isa = PBXBuildFile; fileRef = 447577B52B0A76DA001C9A1D /* LaunchScreen.storyboard */; };
		447577C02B0A7A9D001C9A1D /* EventCell.swift in Sources */ = {isa = PBXBuildFile; fileRef = 447577BE2B0A7A9D001C9A1D /* EventCell.swift */; };
		447577C82B0FFCAA001C9A1D /* EventDataModel.swift in Sources */ = {isa = PBXBuildFile; fileRef = 447577C72B0FFCAA001C9A1D /* EventDataModel.swift */; };
		44D790B52B13C18D004DCA0D /* EventCellViewModel.swift in Sources */ = {isa = PBXBuildFile; fileRef = 44D790B42B13C18D004DCA0D /* EventCellViewModel.swift */; };
/* End PBXBuildFile section */

/* Begin PBXFileReference section */
		447577A72B0A76D8001C9A1D /* EventKitAndEventKitUI.app */ = {isa = PBXFileReference; explicitFileType = wrapper.application; includeInIndex = 0; path = EventKitAndEventKitUI.app; sourceTree = BUILT_PRODUCTS_DIR; };
		447577AA2B0A76D8001C9A1D /* AppDelegate.swift */ = {isa = PBXFileReference; lastKnownFileType = sourcecode.swift; path = AppDelegate.swift; sourceTree = "<group>"; };
		447577AC2B0A76D8001C9A1D /* SceneDelegate.swift */ = {isa = PBXFileReference; lastKnownFileType = sourcecode.swift; path = SceneDelegate.swift; sourceTree = "<group>"; };
		447577AE2B0A76D8001C9A1D /* EventListingViewController.swift */ = {isa = PBXFileReference; lastKnownFileType = sourcecode.swift; path = EventListingViewController.swift; sourceTree = "<group>"; };
		447577B12B0A76D8001C9A1D /* Base */ = {isa = PBXFileReference; lastKnownFileType = file.storyboard; name = Base; path = Base.lproj/Main.storyboard; sourceTree = "<group>"; };
		447577B32B0A76DA001C9A1D /* Assets.xcassets */ = {isa = PBXFileReference; lastKnownFileType = folder.assetcatalog; path = Assets.xcassets; sourceTree = "<group>"; };
		447577B62B0A76DA001C9A1D /* Base */ = {isa = PBXFileReference; lastKnownFileType = file.storyboard; name = Base; path = Base.lproj/LaunchScreen.storyboard; sourceTree = "<group>"; };
		447577B82B0A76DA001C9A1D /* Info.plist */ = {isa = PBXFileReference; lastKnownFileType = text.plist.xml; path = Info.plist; sourceTree = "<group>"; };
		447577BE2B0A7A9D001C9A1D /* EventCell.swift */ = {isa = PBXFileReference; lastKnownFileType = sourcecode.swift; path = EventCell.swift; sourceTree = "<group>"; };
		447577C72B0FFCAA001C9A1D /* EventDataModel.swift */ = {isa = PBXFileReference; lastKnownFileType = sourcecode.swift; path = EventDataModel.swift; sourceTree = "<group>"; };
		44D790B42B13C18D004DCA0D /* EventCellViewModel.swift */ = {isa = PBXFileReference; lastKnownFileType = sourcecode.swift; path = EventCellViewModel.swift; sourceTree = "<group>"; };
/* End PBXFileReference section */

/* Begin PBXFrameworksBuildPhase section */
		447577A42B0A76D8001C9A1D /* Frameworks */ = {
			isa = PBXFrameworksBuildPhase;
			buildActionMask = 2147483647;
			files = (
			);
			runOnlyForDeploymentPostprocessing = 0;
		};
/* End PBXFrameworksBuildPhase section */

/* Begin PBXGroup section */
		4475779E2B0A76D8001C9A1D = {
			isa = PBXGroup;
			children = (
				447577A92B0A76D8001C9A1D /* EventKitAndEventKitUI */,
				447577A82B0A76D8001C9A1D /* Products */,
			);
			sourceTree = "<group>";
		};
		447577A82B0A76D8001C9A1D /* Products */ = {
			isa = PBXGroup;
			children = (
				447577A72B0A76D8001C9A1D /* EventKitAndEventKitUI.app */,
			);
			name = Products;
			sourceTree = "<group>";
		};
		447577A92B0A76D8001C9A1D /* EventKitAndEventKitUI */ = {
			isa = PBXGroup;
			children = (
				44D790B62B13C191004DCA0D /* EventCell */,
				447577C72B0FFCAA001C9A1D /* EventDataModel.swift */,
				447577AA2B0A76D8001C9A1D /* AppDelegate.swift */,
				447577AC2B0A76D8001C9A1D /* SceneDelegate.swift */,
				447577AE2B0A76D8001C9A1D /* EventListingViewController.swift */,
				447577B02B0A76D8001C9A1D /* Main.storyboard */,
				447577B32B0A76DA001C9A1D /* Assets.xcassets */,
				447577B52B0A76DA001C9A1D /* LaunchScreen.storyboard */,
				447577B82B0A76DA001C9A1D /* Info.plist */,
			);
			path = EventKitAndEventKitUI;
			sourceTree = "<group>";
		};
		44D790B62B13C191004DCA0D /* EventCell */ = {
			isa = PBXGroup;
			children = (
				447577BE2B0A7A9D001C9A1D /* EventCell.swift */,
				44D790B42B13C18D004DCA0D /* EventCellViewModel.swift */,
			);
			path = EventCell;
			sourceTree = "<group>";
		};
/* End PBXGroup section */

/* Begin PBXNativeTarget section */
		447577A62B0A76D8001C9A1D /* EventKitAndEventKitUI */ = {
			isa = PBXNativeTarget;
			buildConfigurationList = 447577BB2B0A76DA001C9A1D /* Build configuration list for PBXNativeTarget "EventKitAndEventKitUI" */;
			buildPhases = (
				447577A32B0A76D8001C9A1D /* Sources */,
				447577A42B0A76D8001C9A1D /* Frameworks */,
				447577A52B0A76D8001C9A1D /* Resources */,
			);
			buildRules = (
			);
			dependencies = (
			);
			name = EventKitAndEventKitUI;
			productName = EventKitAndEventKitUI;
			productReference = 447577A72B0A76D8001C9A1D /* EventKitAndEventKitUI.app */;
			productType = "com.apple.product-type.application";
		};
/* End PBXNativeTarget section */

/* Begin PBXProject section */
		4475779F2B0A76D8001C9A1D /* Project object */ = {
			isa = PBXProject;
			attributes = {
				BuildIndependentTargetsInParallel = 1;
				LastSwiftUpdateCheck = 1500;
				LastUpgradeCheck = 1500;
				TargetAttributes = {
					447577A62B0A76D8001C9A1D = {
						CreatedOnToolsVersion = 15.0;
					};
				};
			};
			buildConfigurationList = 447577A22B0A76D8001C9A1D /* Build configuration list for PBXProject "EventKitAndEventKitUI" */;
			compatibilityVersion = "Xcode 14.0";
			developmentRegion = en;
			hasScannedForEncodings = 0;
			knownRegions = (
				en,
				Base,
			);
			mainGroup = 4475779E2B0A76D8001C9A1D;
			productRefGroup = 447577A82B0A76D8001C9A1D /* Products */;
			projectDirPath = "";
			projectRoot = "";
			targets = (
				447577A62B0A76D8001C9A1D /* EventKitAndEventKitUI */,
			);
		};
/* End PBXProject section */

/* Begin PBXResourcesBuildPhase section */
		447577A52B0A76D8001C9A1D /* Resources */ = {
			isa = PBXResourcesBuildPhase;
			buildActionMask = 2147483647;
			files = (
				447577B72B0A76DA001C9A1D /* LaunchScreen.storyboard in Resources */,
				447577B42B0A76DA001C9A1D /* Assets.xcassets in Resources */,
				447577B22B0A76D8001C9A1D /* Main.storyboard in Resources */,
			);
			runOnlyForDeploymentPostprocessing = 0;
		};
/* End PBXResourcesBuildPhase section */

/* Begin PBXSourcesBuildPhase section */
		447577A32B0A76D8001C9A1D /* Sources */ = {
			isa = PBXSourcesBuildPhase;
			buildActionMask = 2147483647;
			files = (
				447577C02B0A7A9D001C9A1D /* EventCell.swift in Sources */,
				44D790B52B13C18D004DCA0D /* EventCellViewModel.swift in Sources */,
				447577AF2B0A76D8001C9A1D /* EventListingViewController.swift in Sources */,
				447577AB2B0A76D8001C9A1D /* AppDelegate.swift in Sources */,
				447577C82B0FFCAA001C9A1D /* EventDataModel.swift in Sources */,
				447577AD2B0A76D8001C9A1D /* SceneDelegate.swift in Sources */,
			);
			runOnlyForDeploymentPostprocessing = 0;
		};
/* End PBXSourcesBuildPhase section */

/* Begin PBXVariantGroup section */
		447577B02B0A76D8001C9A1D /* Main.storyboard */ = {
			isa = PBXVariantGroup;
			children = (
				447577B12B0A76D8001C9A1D /* Base */,
			);
			name = Main.storyboard;
			sourceTree = "<group>";
		};
		447577B52B0A76DA001C9A1D /* LaunchScreen.storyboard */ = {
			isa = PBXVariantGroup;
			children = (
				447577B62B0A76DA001C9A1D /* Base */,
			);
			name = LaunchScreen.storyboard;
			sourceTree = "<group>";
		};
/* End PBXVariantGroup section */

/* Begin XCBuildConfiguration section */
		447577B92B0A76DA001C9A1D /* Debug */ = {
			isa = XCBuildConfiguration;
			buildSettings = {
				ALWAYS_SEARCH_USER_PATHS = NO;
				ASSETCATALOG_COMPILER_GENERATE_SWIFT_ASSET_SYMBOL_EXTENSIONS = YES;
				CLANG_ANALYZER_NONNULL = YES;
				CLANG_ANALYZER_NUMBER_OBJECT_CONVERSION = YES_AGGRESSIVE;
				CLANG_CXX_LANGUAGE_STANDARD = "gnu++20";
				CLANG_ENABLE_MODULES = YES;
				CLANG_ENABLE_OBJC_ARC = YES;
				CLANG_ENABLE_OBJC_WEAK = YES;
				CLANG_WARN_BLOCK_CAPTURE_AUTORELEASING = YES;
				CLANG_WARN_BOOL_CONVERSION = YES;
				CLANG_WARN_COMMA = YES;
				CLANG_WARN_CONSTANT_CONVERSION = YES;
				CLANG_WARN_DEPRECATED_OBJC_IMPLEMENTATIONS = YES;
				CLANG_WARN_DIRECT_OBJC_ISA_USAGE = YES_ERROR;
				CLANG_WARN_DOCUMENTATION_COMMENTS = YES;
				CLANG_WARN_EMPTY_BODY = YES;
				CLANG_WARN_ENUM_CONVERSION = YES;
				CLANG_WARN_INFINITE_RECURSION = YES;
				CLANG_WARN_INT_CONVERSION = YES;
				CLANG_WARN_NON_LITERAL_NULL_CONVERSION = YES;
				CLANG_WARN_OBJC_IMPLICIT_RETAIN_SELF = YES;
				CLANG_WARN_OBJC_LITERAL_CONVERSION = YES;
				CLANG_WARN_OBJC_ROOT_CLASS = YES_ERROR;
				CLANG_WARN_QUOTED_INCLUDE_IN_FRAMEWORK_HEADER = YES;
				CLANG_WARN_RANGE_LOOP_ANALYSIS = YES;
				CLANG_WARN_STRICT_PROTOTYPES = YES;
				CLANG_WARN_SUSPICIOUS_MOVE = YES;
				CLANG_WARN_UNGUARDED_AVAILABILITY = YES_AGGRESSIVE;
				CLANG_WARN_UNREACHABLE_CODE = YES;
				CLANG_WARN__DUPLICATE_METHOD_MATCH = YES;
				COPY_PHASE_STRIP = NO;
				DEBUG_INFORMATION_FORMAT = dwarf;
				ENABLE_STRICT_OBJC_MSGSEND = YES;
				ENABLE_TESTABILITY = YES;
				ENABLE_USER_SCRIPT_SANDBOXING = YES;
				GCC_C_LANGUAGE_STANDARD = gnu17;
				GCC_DYNAMIC_NO_PIC = NO;
				GCC_NO_COMMON_BLOCKS = YES;
				GCC_OPTIMIZATION_LEVEL = 0;
				GCC_PREPROCESSOR_DEFINITIONS = (
					"DEBUG=1",
					"$(inherited)",
				);
				GCC_WARN_64_TO_32_BIT_CONVERSION = YES;
				GCC_WARN_ABOUT_RETURN_TYPE = YES_ERROR;
				GCC_WARN_UNDECLARED_SELECTOR = YES;
				GCC_WARN_UNINITIALIZED_AUTOS = YES_AGGRESSIVE;
				GCC_WARN_UNUSED_FUNCTION = YES;
				GCC_WARN_UNUSED_VARIABLE = YES;
				IPHONEOS_DEPLOYMENT_TARGET = 17.0;
				LOCALIZATION_PREFERS_STRING_CATALOGS = YES;
				MTL_ENABLE_DEBUG_INFO = INCLUDE_SOURCE;
				MTL_FAST_MATH = YES;
				ONLY_ACTIVE_ARCH = YES;
				SDKROOT = iphoneos;
				SWIFT_ACTIVE_COMPILATION_CONDITIONS = "DEBUG $(inherited)";
				SWIFT_OPTIMIZATION_LEVEL = "-Onone";
			};
			name = Debug;
		};
		447577BA2B0A76DA001C9A1D /* Release */ = {
			isa = XCBuildConfiguration;
			buildSettings = {
				ALWAYS_SEARCH_USER_PATHS = NO;
				ASSETCATALOG_COMPILER_GENERATE_SWIFT_ASSET_SYMBOL_EXTENSIONS = YES;
				CLANG_ANALYZER_NONNULL = YES;
				CLANG_ANALYZER_NUMBER_OBJECT_CONVERSION = YES_AGGRESSIVE;
				CLANG_CXX_LANGUAGE_STANDARD = "gnu++20";
				CLANG_ENABLE_MODULES = YES;
				CLANG_ENABLE_OBJC_ARC = YES;
				CLANG_ENABLE_OBJC_WEAK = YES;
				CLANG_WARN_BLOCK_CAPTURE_AUTORELEASING = YES;
				CLANG_WARN_BOOL_CONVERSION = YES;
				CLANG_WARN_COMMA = YES;
				CLANG_WARN_CONSTANT_CONVERSION = YES;
				CLANG_WARN_DEPRECATED_OBJC_IMPLEMENTATIONS = YES;
				CLANG_WARN_DIRECT_OBJC_ISA_USAGE = YES_ERROR;
				CLANG_WARN_DOCUMENTATION_COMMENTS = YES;
				CLANG_WARN_EMPTY_BODY = YES;
				CLANG_WARN_ENUM_CONVERSION = YES;
				CLANG_WARN_INFINITE_RECURSION = YES;
				CLANG_WARN_INT_CONVERSION = YES;
				CLANG_WARN_NON_LITERAL_NULL_CONVERSION = YES;
				CLANG_WARN_OBJC_IMPLICIT_RETAIN_SELF = YES;
				CLANG_WARN_OBJC_LITERAL_CONVERSION = YES;
				CLANG_WARN_OBJC_ROOT_CLASS = YES_ERROR;
				CLANG_WARN_QUOTED_INCLUDE_IN_FRAMEWORK_HEADER = YES;
				CLANG_WARN_RANGE_LOOP_ANALYSIS = YES;
				CLANG_WARN_STRICT_PROTOTYPES = YES;
				CLANG_WARN_SUSPICIOUS_MOVE = YES;
				CLANG_WARN_UNGUARDED_AVAILABILITY = YES_AGGRESSIVE;
				CLANG_WARN_UNREACHABLE_CODE = YES;
				CLANG_WARN__DUPLICATE_METHOD_MATCH = YES;
				COPY_PHASE_STRIP = NO;
				DEBUG_INFORMATION_FORMAT = "dwarf-with-dsym";
				ENABLE_NS_ASSERTIONS = NO;
				ENABLE_STRICT_OBJC_MSGSEND = YES;
				ENABLE_USER_SCRIPT_SANDBOXING = YES;
				GCC_C_LANGUAGE_STANDARD = gnu17;
				GCC_NO_COMMON_BLOCKS = YES;
				GCC_WARN_64_TO_32_BIT_CONVERSION = YES;
				GCC_WARN_ABOUT_RETURN_TYPE = YES_ERROR;
				GCC_WARN_UNDECLARED_SELECTOR = YES;
				GCC_WARN_UNINITIALIZED_AUTOS = YES_AGGRESSIVE;
				GCC_WARN_UNUSED_FUNCTION = YES;
				GCC_WARN_UNUSED_VARIABLE = YES;
				IPHONEOS_DEPLOYMENT_TARGET = 17.0;
				LOCALIZATION_PREFERS_STRING_CATALOGS = YES;
				MTL_ENABLE_DEBUG_INFO = NO;
				MTL_FAST_MATH = YES;
				SDKROOT = iphoneos;
				SWIFT_COMPILATION_MODE = wholemodule;
				VALIDATE_PRODUCT = YES;
			};
			name = Release;
		};
		447577BC2B0A76DA001C9A1D /* Debug */ = {
			isa = XCBuildConfiguration;
			buildSettings = {
				ASSETCATALOG_COMPILER_APPICON_NAME = AppIcon;
				ASSETCATALOG_COMPILER_GLOBAL_ACCENT_COLOR_NAME = AccentColor;
				CODE_SIGN_STYLE = Automatic;
				CURRENT_PROJECT_VERSION = 1;
				DEVELOPMENT_TEAM = AM4NQJSP9B;
				GENERATE_INFOPLIST_FILE = YES;
				INFOPLIST_FILE = EventKitAndEventKitUI/Info.plist;
				INFOPLIST_KEY_UIApplicationSupportsIndirectInputEvents = YES;
				INFOPLIST_KEY_UILaunchStoryboardName = LaunchScreen;
				INFOPLIST_KEY_UIMainStoryboardFile = Main;
				INFOPLIST_KEY_UISupportedInterfaceOrientations_iPad = "UIInterfaceOrientationPortrait UIInterfaceOrientationPortraitUpsideDown UIInterfaceOrientationLandscapeLeft UIInterfaceOrientationLandscapeRight";
				INFOPLIST_KEY_UISupportedInterfaceOrientations_iPhone = "UIInterfaceOrientationPortrait UIInterfaceOrientationLandscapeLeft UIInterfaceOrientationLandscapeRight";
				LD_RUNPATH_SEARCH_PATHS = (
					"$(inherited)",
					"@executable_path/Frameworks",
				);
				MARKETING_VERSION = 1.0;
				PRODUCT_BUNDLE_IDENTIFIER = ilayda.EventKitAndEventKitUI;
				PRODUCT_NAME = "$(TARGET_NAME)";
				SWIFT_EMIT_LOC_STRINGS = YES;
				SWIFT_VERSION = 5.0;
				TARGETED_DEVICE_FAMILY = "1,2";
			};
			name = Debug;
		};
		447577BD2B0A76DA001C9A1D /* Release */ = {
			isa = XCBuildConfiguration;
			buildSettings = {
				ASSETCATALOG_COMPILER_APPICON_NAME = AppIcon;
				ASSETCATALOG_COMPILER_GLOBAL_ACCENT_COLOR_NAME = AccentColor;
				CODE_SIGN_STYLE = Automatic;
				CURRENT_PROJECT_VERSION = 1;
				DEVELOPMENT_TEAM = AM4NQJSP9B;
				GENERATE_INFOPLIST_FILE = YES;
				INFOPLIST_FILE = EventKitAndEventKitUI/Info.plist;
				INFOPLIST_KEY_UIApplicationSupportsIndirectInputEvents = YES;
				INFOPLIST_KEY_UILaunchStoryboardName = LaunchScreen;
				INFOPLIST_KEY_UIMainStoryboardFile = Main;
				INFOPLIST_KEY_UISupportedInterfaceOrientations_iPad = "UIInterfaceOrientationPortrait UIInterfaceOrientationPortraitUpsideDown UIInterfaceOrientationLandscapeLeft UIInterfaceOrientationLandscapeRight";
				INFOPLIST_KEY_UISupportedInterfaceOrientations_iPhone = "UIInterfaceOrientationPortrait UIInterfaceOrientationLandscapeLeft UIInterfaceOrientationLandscapeRight";
				LD_RUNPATH_SEARCH_PATHS = (
					"$(inherited)",
					"@executable_path/Frameworks",
				);
				MARKETING_VERSION = 1.0;
				PRODUCT_BUNDLE_IDENTIFIER = ilayda.EventKitAndEventKitUI;
				PRODUCT_NAME = "$(TARGET_NAME)";
				SWIFT_EMIT_LOC_STRINGS = YES;
				SWIFT_VERSION = 5.0;
				TARGETED_DEVICE_FAMILY = "1,2";
			};
			name = Release;
		};
/* End XCBuildConfiguration section */

/* Begin XCConfigurationList section */
		447577A22B0A76D8001C9A1D /* Build configuration list for PBXProject "EventKitAndEventKitUI" */ = {
			isa = XCConfigurationList;
			buildConfigurations = (
				447577B92B0A76DA001C9A1D /* Debug */,
				447577BA2B0A76DA001C9A1D /* Release */,
			);
			defaultConfigurationIsVisible = 0;
			defaultConfigurationName = Release;
		};
		447577BB2B0A76DA001C9A1D /* Build configuration list for PBXNativeTarget "EventKitAndEventKitUI" */ = {
			isa = XCConfigurationList;
			buildConfigurations = (
				447577BC2B0A76DA001C9A1D /* Debug */,
				447577BD2B0A76DA001C9A1D /* Release */,
			);
			defaultConfigurationIsVisible = 0;
			defaultConfigurationName = Release;
		};
/* End XCConfigurationList section */
	};
	rootObject = 4475779F2B0A76D8001C9A1D /* Project object */;
}
